// !$*UTF8*$!
{
	archiveVersion = 1;
	classes = {
	};
	objectVersion = 46;
	objects = {

/* Begin PBXBuildFile section */
		25036AA61D9E126E009F5884 /* WKConst.m in Sources */ = {isa = PBXBuildFile; fileRef = 25036AA51D9E126E009F5884 /* WKConst.m */; };
		25036AA91D9E13A1009F5884 /* WKMeCell.m in Sources */ = {isa = PBXBuildFile; fileRef = 25036AA81D9E13A1009F5884 /* WKMeCell.m */; };
		25036AAC1D9E188C009F5884 /* WKMefootView.m in Sources */ = {isa = PBXBuildFile; fileRef = 25036AAB1D9E188C009F5884 /* WKMefootView.m */; };
		25036AAF1D9E1B32009F5884 /* WKSquare.m in Sources */ = {isa = PBXBuildFile; fileRef = 25036AAE1D9E1B32009F5884 /* WKSquare.m */; };
		25036AB21D9E59BB009F5884 /* WKMeSquareButton.m in Sources */ = {isa = PBXBuildFile; fileRef = 25036AB11D9E59BB009F5884 /* WKMeSquareButton.m */; };
		25036AB61D9E5E8D009F5884 /* WKWebViewController.m in Sources */ = {isa = PBXBuildFile; fileRef = 25036AB41D9E5E8D009F5884 /* WKWebViewController.m */; };
		25036AB71D9E5E8D009F5884 /* WKWebViewController.xib in Resources */ = {isa = PBXBuildFile; fileRef = 25036AB51D9E5E8D009F5884 /* WKWebViewController.xib */; };
		250AF1601DA3C09300B8F558 /* WKTopicPictureView.m in Sources */ = {isa = PBXBuildFile; fileRef = 250AF15F1DA3C09300B8F558 /* WKTopicPictureView.m */; };
		250AF1621DA3C09F00B8F558 /* WKTopicPictureView.xib in Resources */ = {isa = PBXBuildFile; fileRef = 250AF1611DA3C09F00B8F558 /* WKTopicPictureView.xib */; };
		250AF1651DA3C8AF00B8F558 /* WKTopicVideoView.m in Sources */ = {isa = PBXBuildFile; fileRef = 250AF1641DA3C8AF00B8F558 /* WKTopicVideoView.m */; };
		250AF1671DA3C8B900B8F558 /* WKTopicVideoView.xib in Resources */ = {isa = PBXBuildFile; fileRef = 250AF1661DA3C8B900B8F558 /* WKTopicVideoView.xib */; };
		250AF16A1DA3CC4C00B8F558 /* WKTopicVoiceView.m in Sources */ = {isa = PBXBuildFile; fileRef = 250AF1691DA3CC4C00B8F558 /* WKTopicVoiceView.m */; };
		250AF16C1DA3CC5700B8F558 /* WKTopicVoiceView.xib in Resources */ = {isa = PBXBuildFile; fileRef = 250AF16B1DA3CC5700B8F558 /* WKTopicVoiceView.xib */; };
		250AF16F1DA3D39400B8F558 /* WKTopicViewController.m in Sources */ = {isa = PBXBuildFile; fileRef = 250AF16E1DA3D39400B8F558 /* WKTopicViewController.m */; };
		250D8D3B1D9A14B800C634F8 /* AppDelegate.m in Sources */ = {isa = PBXBuildFile; fileRef = 250D8D311D9A14B800C634F8 /* AppDelegate.m */; };
		250D8D3C1D9A14B800C634F8 /* WKTabBarController.m in Sources */ = {isa = PBXBuildFile; fileRef = 250D8D351D9A14B800C634F8 /* WKTabBarController.m */; };
		250D8D3E1D9A14B800C634F8 /* main.m in Sources */ = {isa = PBXBuildFile; fileRef = 250D8D371D9A14B800C634F8 /* main.m */; };
		250D8D441D9A170300C634F8 /* Foundation+Log.m in Sources */ = {isa = PBXBuildFile; fileRef = 250D8D411D9A170300C634F8 /* Foundation+Log.m */; };
		250D8D451D9A170300C634F8 /* UIView+Frame.m in Sources */ = {isa = PBXBuildFile; fileRef = 250D8D431D9A170300C634F8 /* UIView+Frame.m */; };
		250D8D471D9A176200C634F8 /* Info.plist in Resources */ = {isa = PBXBuildFile; fileRef = 250D8D461D9A176200C634F8 /* Info.plist */; };
		250D8D4A1D9A18E000C634F8 /* WKTabBar.m in Sources */ = {isa = PBXBuildFile; fileRef = 250D8D491D9A18E000C634F8 /* WKTabBar.m */; };
		250D8D4D1D9A21B500C634F8 /* WKEssenceViewController.m in Sources */ = {isa = PBXBuildFile; fileRef = 250D8D4C1D9A21B500C634F8 /* WKEssenceViewController.m */; };
		250D8D501D9A21CE00C634F8 /* WKNewViewController.m in Sources */ = {isa = PBXBuildFile; fileRef = 250D8D4F1D9A21CE00C634F8 /* WKNewViewController.m */; };
		250D8D531D9A21E300C634F8 /* WKFollowViewController.m in Sources */ = {isa = PBXBuildFile; fileRef = 250D8D521D9A21E300C634F8 /* WKFollowViewController.m */; };
		250D8D561D9A21FA00C634F8 /* WKMeViewController.m in Sources */ = {isa = PBXBuildFile; fileRef = 250D8D551D9A21FA00C634F8 /* WKMeViewController.m */; };
		250D8D591D9A644400C634F8 /* WKNavigationController.m in Sources */ = {isa = PBXBuildFile; fileRef = 250D8D581D9A644400C634F8 /* WKNavigationController.m */; };
		250D8D5C1D9A66F000C634F8 /* UIBarButtonItem+WKExtension.m in Sources */ = {isa = PBXBuildFile; fileRef = 250D8D5B1D9A66F000C634F8 /* UIBarButtonItem+WKExtension.m */; };
		250D8D5F1D9A77B500C634F8 /* WKSettingViewController.m in Sources */ = {isa = PBXBuildFile; fileRef = 250D8D5E1D9A77B500C634F8 /* WKSettingViewController.m */; };
		255388DA1D990AF800000967 /* Assets.xcassets in Resources */ = {isa = PBXBuildFile; fileRef = 255388D91D990AF800000967 /* Assets.xcassets */; };
		255388E81D990AF800000967 /* WKBSTests.m in Sources */ = {isa = PBXBuildFile; fileRef = 255388E71D990AF800000967 /* WKBSTests.m */; };
		255388F31D990AF900000967 /* WKBSUITests.m in Sources */ = {isa = PBXBuildFile; fileRef = 255388F21D990AF900000967 /* WKBSUITests.m */; };
		25763A271DA53B1D002BD72A /* WKSeeBigViewController.m in Sources */ = {isa = PBXBuildFile; fileRef = 25763A251DA53B1D002BD72A /* WKSeeBigViewController.m */; };
		25763A281DA53B1D002BD72A /* WKSeeBigViewController.xib in Resources */ = {isa = PBXBuildFile; fileRef = 25763A261DA53B1D002BD72A /* WKSeeBigViewController.xib */; };
		25763A2B1DA545FF002BD72A /* WKRecommendTagViewController.m in Sources */ = {isa = PBXBuildFile; fileRef = 25763A2A1DA545FF002BD72A /* WKRecommendTagViewController.m */; };
		25763A2F1DA546A3002BD72A /* WKRecommendTagCell.m in Sources */ = {isa = PBXBuildFile; fileRef = 25763A2D1DA546A3002BD72A /* WKRecommendTagCell.m */; };
		25763A301DA546A3002BD72A /* WKRecommendTagCell.xib in Resources */ = {isa = PBXBuildFile; fileRef = 25763A2E1DA546A3002BD72A /* WKRecommendTagCell.xib */; };
		25763A331DA54C39002BD72A /* WKRecommendTag.m in Sources */ = {isa = PBXBuildFile; fileRef = 25763A321DA54C39002BD72A /* WKRecommendTag.m */; };
		2584AF421DA0AA0100FE01F3 /* WKTopic.m in Sources */ = {isa = PBXBuildFile; fileRef = 2584AF411DA0AA0100FE01F3 /* WKTopic.m */; };
		2584AF451DA0ABBC00FE01F3 /* WKRefreshHeader.m in Sources */ = {isa = PBXBuildFile; fileRef = 2584AF441DA0ABBC00FE01F3 /* WKRefreshHeader.m */; };
		2584AF481DA0B04200FE01F3 /* WKRefreshFooter.m in Sources */ = {isa = PBXBuildFile; fileRef = 2584AF471DA0B04200FE01F3 /* WKRefreshFooter.m */; };
		2584AF4B1DA1267000FE01F3 /* WKHTTPSessionManager.m in Sources */ = {isa = PBXBuildFile; fileRef = 2584AF4A1DA1267000FE01F3 /* WKHTTPSessionManager.m */; };
		2584AF4F1DA1282700FE01F3 /* WKTopicCell.m in Sources */ = {isa = PBXBuildFile; fileRef = 2584AF4D1DA1282700FE01F3 /* WKTopicCell.m */; };
		2584AF501DA1282700FE01F3 /* WKTopicCell.xib in Resources */ = {isa = PBXBuildFile; fileRef = 2584AF4E1DA1282700FE01F3 /* WKTopicCell.xib */; };
		258A82361DA568BF001311D2 /* UIImage+WKExtension.m in Sources */ = {isa = PBXBuildFile; fileRef = 258A82351DA568BF001311D2 /* UIImage+WKExtension.m */; };
		258A82391DA56917001311D2 /* UIImageView+WKExtension.m in Sources */ = {isa = PBXBuildFile; fileRef = 258A82381DA56917001311D2 /* UIImageView+WKExtension.m */; };
		258A82411DA56DB0001311D2 /* WKCommentViewController.m in Sources */ = {isa = PBXBuildFile; fileRef = 258A823F1DA56DB0001311D2 /* WKCommentViewController.m */; };
		258A82421DA56DB0001311D2 /* WKCommentViewController.xib in Resources */ = {isa = PBXBuildFile; fileRef = 258A82401DA56DB0001311D2 /* WKCommentViewController.xib */; };
		258C62FA1DA2246900124659 /* NSDate+Extension.m in Sources */ = {isa = PBXBuildFile; fileRef = 258C62F91DA2246900124659 /* NSDate+Extension.m */; };
		258C62FD1DA224E200124659 /* NSCalendar+Extension.m in Sources */ = {isa = PBXBuildFile; fileRef = 258C62FC1DA224E200124659 /* NSCalendar+Extension.m */; };
		258C63001DA24EE100124659 /* WKUser.m in Sources */ = {isa = PBXBuildFile; fileRef = 258C62FF1DA24EE100124659 /* WKUser.m */; };
		258C63031DA24FA300124659 /* WKComment.m in Sources */ = {isa = PBXBuildFile; fileRef = 258C63021DA24FA300124659 /* WKComment.m */; };
		259034461D9FD13D00F9B7DE /* NSString+WKExtension.m in Sources */ = {isa = PBXBuildFile; fileRef = 259034451D9FD13D00F9B7DE /* NSString+WKExtension.m */; };
		259034491D9FD2C900F9B7DE /* WKClearCacheCell.m in Sources */ = {isa = PBXBuildFile; fileRef = 259034481D9FD2C900F9B7DE /* WKClearCacheCell.m */; };
		2595CA611D9CB8F6007B84CB /* WKLoginRegisterTextField.m in Sources */ = {isa = PBXBuildFile; fileRef = 2595CA601D9CB8F6007B84CB /* WKLoginRegisterTextField.m */; };
		2595CA641D9D03C5007B84CB /* UITextField+WKExtension.m in Sources */ = {isa = PBXBuildFile; fileRef = 2595CA631D9D03C5007B84CB /* UITextField+WKExtension.m */; };
		25B8AFCF1D9BBFA100C5C4F4 /* WKFollowViewController.xib in Resources */ = {isa = PBXBuildFile; fileRef = 25B8AFCE1D9BBFA100C5C4F4 /* WKFollowViewController.xib */; };
		25B8AFD31D9BC1AD00C5C4F4 /* WKLoginRegisterViewController.m in Sources */ = {isa = PBXBuildFile; fileRef = 25B8AFD11D9BC1AD00C5C4F4 /* WKLoginRegisterViewController.m */; };
		25B8AFD41D9BC1AD00C5C4F4 /* WKLoginRegisterViewController.xib in Resources */ = {isa = PBXBuildFile; fileRef = 25B8AFD21D9BC1AD00C5C4F4 /* WKLoginRegisterViewController.xib */; };
		25B8AFD71D9BC85E00C5C4F4 /* WKQuickLoginButton.m in Sources */ = {isa = PBXBuildFile; fileRef = 25B8AFD61D9BC85E00C5C4F4 /* WKQuickLoginButton.m */; };
		25C5549D1D9FC20A00E4ECF5 /* WKTitleButton.m in Sources */ = {isa = PBXBuildFile; fileRef = 25C5549C1D9FC20A00E4ECF5 /* WKTitleButton.m */; };
		25C554A01D9FC5C900E4ECF5 /* WKAllViewController.m in Sources */ = {isa = PBXBuildFile; fileRef = 25C5549F1D9FC5C900E4ECF5 /* WKAllViewController.m */; };
		25C554A31D9FC5D500E4ECF5 /* WKVideoViewController.m in Sources */ = {isa = PBXBuildFile; fileRef = 25C554A21D9FC5D500E4ECF5 /* WKVideoViewController.m */; };
		25C554A61D9FC5E000E4ECF5 /* WKVoiceViewController.m in Sources */ = {isa = PBXBuildFile; fileRef = 25C554A51D9FC5E000E4ECF5 /* WKVoiceViewController.m */; };
		25C554A91D9FC5EB00E4ECF5 /* WKPictureViewController.m in Sources */ = {isa = PBXBuildFile; fileRef = 25C554A81D9FC5EB00E4ECF5 /* WKPictureViewController.m */; };
		25C554AC1D9FC5FA00E4ECF5 /* WKWordViewController.m in Sources */ = {isa = PBXBuildFile; fileRef = 25C554AB1D9FC5FA00E4ECF5 /* WKWordViewController.m */; };
		F5C38657981942440E7DE349 /* libPods.a in Frameworks */ = {isa = PBXBuildFile; fileRef = 4D857E9336B67A5FD5763C87 /* libPods.a */; };
/* End PBXBuildFile section */

/* Begin PBXContainerItemProxy section */
		255388E41D990AF800000967 /* PBXContainerItemProxy */ = {
			isa = PBXContainerItemProxy;
			containerPortal = 255388C21D990AF800000967 /* Project object */;
			proxyType = 1;
			remoteGlobalIDString = 255388C91D990AF800000967;
			remoteInfo = WKBS;
		};
		255388EF1D990AF900000967 /* PBXContainerItemProxy */ = {
			isa = PBXContainerItemProxy;
			containerPortal = 255388C21D990AF800000967 /* Project object */;
			proxyType = 1;
			remoteGlobalIDString = 255388C91D990AF800000967;
			remoteInfo = WKBS;
		};
/* End PBXContainerItemProxy section */

/* Begin PBXFileReference section */
		25036AA41D9E126E009F5884 /* WKConst.h */ = {isa = PBXFileReference; fileEncoding = 4; lastKnownFileType = sourcecode.c.h; path = WKConst.h; sourceTree = "<group>"; };
		25036AA51D9E126E009F5884 /* WKConst.m */ = {isa = PBXFileReference; fileEncoding = 4; lastKnownFileType = sourcecode.c.objc; path = WKConst.m; sourceTree = "<group>"; };
		25036AA71D9E13A1009F5884 /* WKMeCell.h */ = {isa = PBXFileReference; fileEncoding = 4; lastKnownFileType = sourcecode.c.h; path = WKMeCell.h; sourceTree = "<group>"; };
		25036AA81D9E13A1009F5884 /* WKMeCell.m */ = {isa = PBXFileReference; fileEncoding = 4; lastKnownFileType = sourcecode.c.objc; path = WKMeCell.m; sourceTree = "<group>"; };
		25036AAA1D9E188C009F5884 /* WKMefootView.h */ = {isa = PBXFileReference; fileEncoding = 4; lastKnownFileType = sourcecode.c.h; path = WKMefootView.h; sourceTree = "<group>"; };
		25036AAB1D9E188C009F5884 /* WKMefootView.m */ = {isa = PBXFileReference; fileEncoding = 4; lastKnownFileType = sourcecode.c.objc; path = WKMefootView.m; sourceTree = "<group>"; };
		25036AAD1D9E1B32009F5884 /* WKSquare.h */ = {isa = PBXFileReference; fileEncoding = 4; lastKnownFileType = sourcecode.c.h; path = WKSquare.h; sourceTree = "<group>"; };
		25036AAE1D9E1B32009F5884 /* WKSquare.m */ = {isa = PBXFileReference; fileEncoding = 4; lastKnownFileType = sourcecode.c.objc; path = WKSquare.m; sourceTree = "<group>"; };
		25036AB01D9E59BB009F5884 /* WKMeSquareButton.h */ = {isa = PBXFileReference; fileEncoding = 4; lastKnownFileType = sourcecode.c.h; path = WKMeSquareButton.h; sourceTree = "<group>"; };
		25036AB11D9E59BB009F5884 /* WKMeSquareButton.m */ = {isa = PBXFileReference; fileEncoding = 4; lastKnownFileType = sourcecode.c.objc; path = WKMeSquareButton.m; sourceTree = "<group>"; };
		25036AB31D9E5E8D009F5884 /* WKWebViewController.h */ = {isa = PBXFileReference; fileEncoding = 4; lastKnownFileType = sourcecode.c.h; path = WKWebViewController.h; sourceTree = "<group>"; };
		25036AB41D9E5E8D009F5884 /* WKWebViewController.m */ = {isa = PBXFileReference; fileEncoding = 4; lastKnownFileType = sourcecode.c.objc; path = WKWebViewController.m; sourceTree = "<group>"; };
		25036AB51D9E5E8D009F5884 /* WKWebViewController.xib */ = {isa = PBXFileReference; fileEncoding = 4; lastKnownFileType = file.xib; path = WKWebViewController.xib; sourceTree = "<group>"; };
		250AF15E1DA3C09300B8F558 /* WKTopicPictureView.h */ = {isa = PBXFileReference; fileEncoding = 4; lastKnownFileType = sourcecode.c.h; path = WKTopicPictureView.h; sourceTree = "<group>"; };
		250AF15F1DA3C09300B8F558 /* WKTopicPictureView.m */ = {isa = PBXFileReference; fileEncoding = 4; lastKnownFileType = sourcecode.c.objc; path = WKTopicPictureView.m; sourceTree = "<group>"; };
		250AF1611DA3C09F00B8F558 /* WKTopicPictureView.xib */ = {isa = PBXFileReference; fileEncoding = 4; lastKnownFileType = file.xib; path = WKTopicPictureView.xib; sourceTree = "<group>"; };
		250AF1631DA3C8AF00B8F558 /* WKTopicVideoView.h */ = {isa = PBXFileReference; fileEncoding = 4; lastKnownFileType = sourcecode.c.h; path = WKTopicVideoView.h; sourceTree = "<group>"; };
		250AF1641DA3C8AF00B8F558 /* WKTopicVideoView.m */ = {isa = PBXFileReference; fileEncoding = 4; lastKnownFileType = sourcecode.c.objc; path = WKTopicVideoView.m; sourceTree = "<group>"; };
		250AF1661DA3C8B900B8F558 /* WKTopicVideoView.xib */ = {isa = PBXFileReference; fileEncoding = 4; lastKnownFileType = file.xib; path = WKTopicVideoView.xib; sourceTree = "<group>"; };
		250AF1681DA3CC4C00B8F558 /* WKTopicVoiceView.h */ = {isa = PBXFileReference; fileEncoding = 4; lastKnownFileType = sourcecode.c.h; path = WKTopicVoiceView.h; sourceTree = "<group>"; };
		250AF1691DA3CC4C00B8F558 /* WKTopicVoiceView.m */ = {isa = PBXFileReference; fileEncoding = 4; lastKnownFileType = sourcecode.c.objc; path = WKTopicVoiceView.m; sourceTree = "<group>"; };
		250AF16B1DA3CC5700B8F558 /* WKTopicVoiceView.xib */ = {isa = PBXFileReference; fileEncoding = 4; lastKnownFileType = file.xib; path = WKTopicVoiceView.xib; sourceTree = "<group>"; };
		250AF16D1DA3D39400B8F558 /* WKTopicViewController.h */ = {isa = PBXFileReference; fileEncoding = 4; lastKnownFileType = sourcecode.c.h; path = WKTopicViewController.h; sourceTree = "<group>"; };
		250AF16E1DA3D39400B8F558 /* WKTopicViewController.m */ = {isa = PBXFileReference; fileEncoding = 4; lastKnownFileType = sourcecode.c.objc; path = WKTopicViewController.m; sourceTree = "<group>"; };
		250D8D301D9A14B800C634F8 /* AppDelegate.h */ = {isa = PBXFileReference; fileEncoding = 4; lastKnownFileType = sourcecode.c.h; path = AppDelegate.h; sourceTree = "<group>"; };
		250D8D311D9A14B800C634F8 /* AppDelegate.m */ = {isa = PBXFileReference; fileEncoding = 4; lastKnownFileType = sourcecode.c.objc; path = AppDelegate.m; sourceTree = "<group>"; };
		250D8D341D9A14B800C634F8 /* WKTabBarController.h */ = {isa = PBXFileReference; fileEncoding = 4; lastKnownFileType = sourcecode.c.h; path = WKTabBarController.h; sourceTree = "<group>"; };
		250D8D351D9A14B800C634F8 /* WKTabBarController.m */ = {isa = PBXFileReference; fileEncoding = 4; lastKnownFileType = sourcecode.c.objc; path = WKTabBarController.m; sourceTree = "<group>"; };
		250D8D371D9A14B800C634F8 /* main.m */ = {isa = PBXFileReference; fileEncoding = 4; lastKnownFileType = sourcecode.c.objc; path = main.m; sourceTree = "<group>"; };
		250D8D391D9A14B800C634F8 /* PrefixHeader.pch */ = {isa = PBXFileReference; fileEncoding = 4; lastKnownFileType = sourcecode.c.h; path = PrefixHeader.pch; sourceTree = "<group>"; };
		250D8D411D9A170300C634F8 /* Foundation+Log.m */ = {isa = PBXFileReference; fileEncoding = 4; lastKnownFileType = sourcecode.c.objc; path = "Foundation+Log.m"; sourceTree = "<group>"; };
		250D8D421D9A170300C634F8 /* UIView+Frame.h */ = {isa = PBXFileReference; fileEncoding = 4; lastKnownFileType = sourcecode.c.h; path = "UIView+Frame.h"; sourceTree = "<group>"; };
		250D8D431D9A170300C634F8 /* UIView+Frame.m */ = {isa = PBXFileReference; fileEncoding = 4; lastKnownFileType = sourcecode.c.objc; path = "UIView+Frame.m"; sourceTree = "<group>"; };
		250D8D461D9A176200C634F8 /* Info.plist */ = {isa = PBXFileReference; fileEncoding = 4; lastKnownFileType = text.plist.xml; path = Info.plist; sourceTree = "<group>"; };
		250D8D481D9A18E000C634F8 /* WKTabBar.h */ = {isa = PBXFileReference; fileEncoding = 4; lastKnownFileType = sourcecode.c.h; path = WKTabBar.h; sourceTree = "<group>"; };
		250D8D491D9A18E000C634F8 /* WKTabBar.m */ = {isa = PBXFileReference; fileEncoding = 4; lastKnownFileType = sourcecode.c.objc; path = WKTabBar.m; sourceTree = "<group>"; };
		250D8D4B1D9A21B500C634F8 /* WKEssenceViewController.h */ = {isa = PBXFileReference; fileEncoding = 4; lastKnownFileType = sourcecode.c.h; path = WKEssenceViewController.h; sourceTree = "<group>"; };
		250D8D4C1D9A21B500C634F8 /* WKEssenceViewController.m */ = {isa = PBXFileReference; fileEncoding = 4; lastKnownFileType = sourcecode.c.objc; path = WKEssenceViewController.m; sourceTree = "<group>"; };
		250D8D4E1D9A21CE00C634F8 /* WKNewViewController.h */ = {isa = PBXFileReference; fileEncoding = 4; lastKnownFileType = sourcecode.c.h; path = WKNewViewController.h; sourceTree = "<group>"; };
		250D8D4F1D9A21CE00C634F8 /* WKNewViewController.m */ = {isa = PBXFileReference; fileEncoding = 4; lastKnownFileType = sourcecode.c.objc; path = WKNewViewController.m; sourceTree = "<group>"; };
		250D8D511D9A21E300C634F8 /* WKFollowViewController.h */ = {isa = PBXFileReference; fileEncoding = 4; lastKnownFileType = sourcecode.c.h; path = WKFollowViewController.h; sourceTree = "<group>"; };
		250D8D521D9A21E300C634F8 /* WKFollowViewController.m */ = {isa = PBXFileReference; fileEncoding = 4; lastKnownFileType = sourcecode.c.objc; path = WKFollowViewController.m; sourceTree = "<group>"; };
		250D8D541D9A21FA00C634F8 /* WKMeViewController.h */ = {isa = PBXFileReference; fileEncoding = 4; lastKnownFileType = sourcecode.c.h; path = WKMeViewController.h; sourceTree = "<group>"; };
		250D8D551D9A21FA00C634F8 /* WKMeViewController.m */ = {isa = PBXFileReference; fileEncoding = 4; lastKnownFileType = sourcecode.c.objc; path = WKMeViewController.m; sourceTree = "<group>"; };
		250D8D571D9A644400C634F8 /* WKNavigationController.h */ = {isa = PBXFileReference; fileEncoding = 4; lastKnownFileType = sourcecode.c.h; path = WKNavigationController.h; sourceTree = "<group>"; };
		250D8D581D9A644400C634F8 /* WKNavigationController.m */ = {isa = PBXFileReference; fileEncoding = 4; lastKnownFileType = sourcecode.c.objc; path = WKNavigationController.m; sourceTree = "<group>"; };
		250D8D5A1D9A66F000C634F8 /* UIBarButtonItem+WKExtension.h */ = {isa = PBXFileReference; fileEncoding = 4; lastKnownFileType = sourcecode.c.h; path = "UIBarButtonItem+WKExtension.h"; sourceTree = "<group>"; };
		250D8D5B1D9A66F000C634F8 /* UIBarButtonItem+WKExtension.m */ = {isa = PBXFileReference; fileEncoding = 4; lastKnownFileType = sourcecode.c.objc; path = "UIBarButtonItem+WKExtension.m"; sourceTree = "<group>"; };
		250D8D5D1D9A77B500C634F8 /* WKSettingViewController.h */ = {isa = PBXFileReference; fileEncoding = 4; lastKnownFileType = sourcecode.c.h; path = WKSettingViewController.h; sourceTree = "<group>"; };
		250D8D5E1D9A77B500C634F8 /* WKSettingViewController.m */ = {isa = PBXFileReference; fileEncoding = 4; lastKnownFileType = sourcecode.c.objc; path = WKSettingViewController.m; sourceTree = "<group>"; };
		255388CA1D990AF800000967 /* WKBS.app */ = {isa = PBXFileReference; explicitFileType = wrapper.application; includeInIndex = 0; path = WKBS.app; sourceTree = BUILT_PRODUCTS_DIR; };
		255388D91D990AF800000967 /* Assets.xcassets */ = {isa = PBXFileReference; lastKnownFileType = folder.assetcatalog; path = Assets.xcassets; sourceTree = "<group>"; };
		255388E31D990AF800000967 /* WKBSTests.xctest */ = {isa = PBXFileReference; explicitFileType = wrapper.cfbundle; includeInIndex = 0; path = WKBSTests.xctest; sourceTree = BUILT_PRODUCTS_DIR; };
		255388E71D990AF800000967 /* WKBSTests.m */ = {isa = PBXFileReference; lastKnownFileType = sourcecode.c.objc; path = WKBSTests.m; sourceTree = "<group>"; };
		255388E91D990AF900000967 /* Info.plist */ = {isa = PBXFileReference; lastKnownFileType = text.plist.xml; path = Info.plist; sourceTree = "<group>"; };
		255388EE1D990AF900000967 /* WKBSUITests.xctest */ = {isa = PBXFileReference; explicitFileType = wrapper.cfbundle; includeInIndex = 0; path = WKBSUITests.xctest; sourceTree = BUILT_PRODUCTS_DIR; };
		255388F21D990AF900000967 /* WKBSUITests.m */ = {isa = PBXFileReference; lastKnownFileType = sourcecode.c.objc; path = WKBSUITests.m; sourceTree = "<group>"; };
		255388F41D990AF900000967 /* Info.plist */ = {isa = PBXFileReference; lastKnownFileType = text.plist.xml; path = Info.plist; sourceTree = "<group>"; };
		25763A241DA53B1D002BD72A /* WKSeeBigViewController.h */ = {isa = PBXFileReference; fileEncoding = 4; lastKnownFileType = sourcecode.c.h; path = WKSeeBigViewController.h; sourceTree = "<group>"; };
		25763A251DA53B1D002BD72A /* WKSeeBigViewController.m */ = {isa = PBXFileReference; fileEncoding = 4; lastKnownFileType = sourcecode.c.objc; path = WKSeeBigViewController.m; sourceTree = "<group>"; };
		25763A261DA53B1D002BD72A /* WKSeeBigViewController.xib */ = {isa = PBXFileReference; fileEncoding = 4; lastKnownFileType = file.xib; path = WKSeeBigViewController.xib; sourceTree = "<group>"; };
		25763A291DA545FF002BD72A /* WKRecommendTagViewController.h */ = {isa = PBXFileReference; fileEncoding = 4; lastKnownFileType = sourcecode.c.h; path = WKRecommendTagViewController.h; sourceTree = "<group>"; };
		25763A2A1DA545FF002BD72A /* WKRecommendTagViewController.m */ = {isa = PBXFileReference; fileEncoding = 4; lastKnownFileType = sourcecode.c.objc; path = WKRecommendTagViewController.m; sourceTree = "<group>"; };
		25763A2C1DA546A3002BD72A /* WKRecommendTagCell.h */ = {isa = PBXFileReference; fileEncoding = 4; lastKnownFileType = sourcecode.c.h; path = WKRecommendTagCell.h; sourceTree = "<group>"; };
		25763A2D1DA546A3002BD72A /* WKRecommendTagCell.m */ = {isa = PBXFileReference; fileEncoding = 4; lastKnownFileType = sourcecode.c.objc; path = WKRecommendTagCell.m; sourceTree = "<group>"; };
		25763A2E1DA546A3002BD72A /* WKRecommendTagCell.xib */ = {isa = PBXFileReference; fileEncoding = 4; lastKnownFileType = file.xib; path = WKRecommendTagCell.xib; sourceTree = "<group>"; };
		25763A311DA54C39002BD72A /* WKRecommendTag.h */ = {isa = PBXFileReference; fileEncoding = 4; lastKnownFileType = sourcecode.c.h; path = WKRecommendTag.h; sourceTree = "<group>"; };
		25763A321DA54C39002BD72A /* WKRecommendTag.m */ = {isa = PBXFileReference; fileEncoding = 4; lastKnownFileType = sourcecode.c.objc; path = WKRecommendTag.m; sourceTree = "<group>"; };
		2584AF401DA0AA0100FE01F3 /* WKTopic.h */ = {isa = PBXFileReference; fileEncoding = 4; lastKnownFileType = sourcecode.c.h; path = WKTopic.h; sourceTree = "<group>"; };
		2584AF411DA0AA0100FE01F3 /* WKTopic.m */ = {isa = PBXFileReference; fileEncoding = 4; lastKnownFileType = sourcecode.c.objc; path = WKTopic.m; sourceTree = "<group>"; };
		2584AF431DA0ABBC00FE01F3 /* WKRefreshHeader.h */ = {isa = PBXFileReference; fileEncoding = 4; lastKnownFileType = sourcecode.c.h; path = WKRefreshHeader.h; sourceTree = "<group>"; };
		2584AF441DA0ABBC00FE01F3 /* WKRefreshHeader.m */ = {isa = PBXFileReference; fileEncoding = 4; lastKnownFileType = sourcecode.c.objc; path = WKRefreshHeader.m; sourceTree = "<group>"; };
		2584AF461DA0B04200FE01F3 /* WKRefreshFooter.h */ = {isa = PBXFileReference; fileEncoding = 4; lastKnownFileType = sourcecode.c.h; path = WKRefreshFooter.h; sourceTree = "<group>"; };
		2584AF471DA0B04200FE01F3 /* WKRefreshFooter.m */ = {isa = PBXFileReference; fileEncoding = 4; lastKnownFileType = sourcecode.c.objc; path = WKRefreshFooter.m; sourceTree = "<group>"; };
		2584AF491DA1267000FE01F3 /* WKHTTPSessionManager.h */ = {isa = PBXFileReference; fileEncoding = 4; lastKnownFileType = sourcecode.c.h; path = WKHTTPSessionManager.h; sourceTree = "<group>"; };
		2584AF4A1DA1267000FE01F3 /* WKHTTPSessionManager.m */ = {isa = PBXFileReference; fileEncoding = 4; lastKnownFileType = sourcecode.c.objc; path = WKHTTPSessionManager.m; sourceTree = "<group>"; };
		2584AF4C1DA1282700FE01F3 /* WKTopicCell.h */ = {isa = PBXFileReference; fileEncoding = 4; lastKnownFileType = sourcecode.c.h; path = WKTopicCell.h; sourceTree = "<group>"; };
		2584AF4D1DA1282700FE01F3 /* WKTopicCell.m */ = {isa = PBXFileReference; fileEncoding = 4; lastKnownFileType = sourcecode.c.objc; path = WKTopicCell.m; sourceTree = "<group>"; };
		2584AF4E1DA1282700FE01F3 /* WKTopicCell.xib */ = {isa = PBXFileReference; fileEncoding = 4; lastKnownFileType = file.xib; path = WKTopicCell.xib; sourceTree = "<group>"; };
		258A82341DA568BF001311D2 /* UIImage+WKExtension.h */ = {isa = PBXFileReference; fileEncoding = 4; lastKnownFileType = sourcecode.c.h; path = "UIImage+WKExtension.h"; sourceTree = "<group>"; };
		258A82351DA568BF001311D2 /* UIImage+WKExtension.m */ = {isa = PBXFileReference; fileEncoding = 4; lastKnownFileType = sourcecode.c.objc; path = "UIImage+WKExtension.m"; sourceTree = "<group>"; };
		258A82371DA56917001311D2 /* UIImageView+WKExtension.h */ = {isa = PBXFileReference; fileEncoding = 4; lastKnownFileType = sourcecode.c.h; path = "UIImageView+WKExtension.h"; sourceTree = "<group>"; };
		258A82381DA56917001311D2 /* UIImageView+WKExtension.m */ = {isa = PBXFileReference; fileEncoding = 4; lastKnownFileType = sourcecode.c.objc; path = "UIImageView+WKExtension.m"; sourceTree = "<group>"; };
		258A823E1DA56DB0001311D2 /* WKCommentViewController.h */ = {isa = PBXFileReference; fileEncoding = 4; lastKnownFileType = sourcecode.c.h; path = WKCommentViewController.h; sourceTree = "<group>"; };
		258A823F1DA56DB0001311D2 /* WKCommentViewController.m */ = {isa = PBXFileReference; fileEncoding = 4; lastKnownFileType = sourcecode.c.objc; path = WKCommentViewController.m; sourceTree = "<group>"; };
		258A82401DA56DB0001311D2 /* WKCommentViewController.xib */ = {isa = PBXFileReference; fileEncoding = 4; lastKnownFileType = file.xib; path = WKCommentViewController.xib; sourceTree = "<group>"; };
		258C62F81DA2246900124659 /* NSDate+Extension.h */ = {isa = PBXFileReference; fileEncoding = 4; lastKnownFileType = sourcecode.c.h; path = "NSDate+Extension.h"; sourceTree = "<group>"; };
		258C62F91DA2246900124659 /* NSDate+Extension.m */ = {isa = PBXFileReference; fileEncoding = 4; lastKnownFileType = sourcecode.c.objc; path = "NSDate+Extension.m"; sourceTree = "<group>"; };
		258C62FB1DA224E200124659 /* NSCalendar+Extension.h */ = {isa = PBXFileReference; fileEncoding = 4; lastKnownFileType = sourcecode.c.h; path = "NSCalendar+Extension.h"; sourceTree = "<group>"; };
		258C62FC1DA224E200124659 /* NSCalendar+Extension.m */ = {isa = PBXFileReference; fileEncoding = 4; lastKnownFileType = sourcecode.c.objc; path = "NSCalendar+Extension.m"; sourceTree = "<group>"; };
		258C62FE1DA24EE100124659 /* WKUser.h */ = {isa = PBXFileReference; fileEncoding = 4; lastKnownFileType = sourcecode.c.h; path = WKUser.h; sourceTree = "<group>"; };
		258C62FF1DA24EE100124659 /* WKUser.m */ = {isa = PBXFileReference; fileEncoding = 4; lastKnownFileType = sourcecode.c.objc; path = WKUser.m; sourceTree = "<group>"; };
		258C63011DA24FA300124659 /* WKComment.h */ = {isa = PBXFileReference; fileEncoding = 4; lastKnownFileType = sourcecode.c.h; path = WKComment.h; sourceTree = "<group>"; };
		258C63021DA24FA300124659 /* WKComment.m */ = {isa = PBXFileReference; fileEncoding = 4; lastKnownFileType = sourcecode.c.objc; path = WKComment.m; sourceTree = "<group>"; };
		259034441D9FD13D00F9B7DE /* NSString+WKExtension.h */ = {isa = PBXFileReference; fileEncoding = 4; lastKnownFileType = sourcecode.c.h; path = "NSString+WKExtension.h"; sourceTree = "<group>"; };
		259034451D9FD13D00F9B7DE /* NSString+WKExtension.m */ = {isa = PBXFileReference; fileEncoding = 4; lastKnownFileType = sourcecode.c.objc; path = "NSString+WKExtension.m"; sourceTree = "<group>"; };
		259034471D9FD2C900F9B7DE /* WKClearCacheCell.h */ = {isa = PBXFileReference; fileEncoding = 4; lastKnownFileType = sourcecode.c.h; path = WKClearCacheCell.h; sourceTree = "<group>"; };
		259034481D9FD2C900F9B7DE /* WKClearCacheCell.m */ = {isa = PBXFileReference; fileEncoding = 4; lastKnownFileType = sourcecode.c.objc; path = WKClearCacheCell.m; sourceTree = "<group>"; };
		2595CA5F1D9CB8F6007B84CB /* WKLoginRegisterTextField.h */ = {isa = PBXFileReference; fileEncoding = 4; lastKnownFileType = sourcecode.c.h; path = WKLoginRegisterTextField.h; sourceTree = "<group>"; };
		2595CA601D9CB8F6007B84CB /* WKLoginRegisterTextField.m */ = {isa = PBXFileReference; fileEncoding = 4; lastKnownFileType = sourcecode.c.objc; path = WKLoginRegisterTextField.m; sourceTree = "<group>"; };
		2595CA621D9D03C5007B84CB /* UITextField+WKExtension.h */ = {isa = PBXFileReference; fileEncoding = 4; lastKnownFileType = sourcecode.c.h; path = "UITextField+WKExtension.h"; sourceTree = "<group>"; };
		2595CA631D9D03C5007B84CB /* UITextField+WKExtension.m */ = {isa = PBXFileReference; fileEncoding = 4; lastKnownFileType = sourcecode.c.objc; path = "UITextField+WKExtension.m"; sourceTree = "<group>"; };
		25B8AFCE1D9BBFA100C5C4F4 /* WKFollowViewController.xib */ = {isa = PBXFileReference; fileEncoding = 4; lastKnownFileType = file.xib; path = WKFollowViewController.xib; sourceTree = "<group>"; };
		25B8AFD01D9BC1AD00C5C4F4 /* WKLoginRegisterViewController.h */ = {isa = PBXFileReference; fileEncoding = 4; lastKnownFileType = sourcecode.c.h; path = WKLoginRegisterViewController.h; sourceTree = "<group>"; };
		25B8AFD11D9BC1AD00C5C4F4 /* WKLoginRegisterViewController.m */ = {isa = PBXFileReference; fileEncoding = 4; lastKnownFileType = sourcecode.c.objc; path = WKLoginRegisterViewController.m; sourceTree = "<group>"; };
		25B8AFD21D9BC1AD00C5C4F4 /* WKLoginRegisterViewController.xib */ = {isa = PBXFileReference; fileEncoding = 4; lastKnownFileType = file.xib; path = WKLoginRegisterViewController.xib; sourceTree = "<group>"; };
		25B8AFD51D9BC85E00C5C4F4 /* WKQuickLoginButton.h */ = {isa = PBXFileReference; fileEncoding = 4; lastKnownFileType = sourcecode.c.h; path = WKQuickLoginButton.h; sourceTree = "<group>"; };
		25B8AFD61D9BC85E00C5C4F4 /* WKQuickLoginButton.m */ = {isa = PBXFileReference; fileEncoding = 4; lastKnownFileType = sourcecode.c.objc; path = WKQuickLoginButton.m; sourceTree = "<group>"; };
		25C5549B1D9FC20A00E4ECF5 /* WKTitleButton.h */ = {isa = PBXFileReference; fileEncoding = 4; lastKnownFileType = sourcecode.c.h; path = WKTitleButton.h; sourceTree = "<group>"; };
		25C5549C1D9FC20A00E4ECF5 /* WKTitleButton.m */ = {isa = PBXFileReference; fileEncoding = 4; lastKnownFileType = sourcecode.c.objc; path = WKTitleButton.m; sourceTree = "<group>"; };
		25C5549E1D9FC5C900E4ECF5 /* WKAllViewController.h */ = {isa = PBXFileReference; fileEncoding = 4; lastKnownFileType = sourcecode.c.h; path = WKAllViewController.h; sourceTree = "<group>"; };
		25C5549F1D9FC5C900E4ECF5 /* WKAllViewController.m */ = {isa = PBXFileReference; fileEncoding = 4; lastKnownFileType = sourcecode.c.objc; path = WKAllViewController.m; sourceTree = "<group>"; };
		25C554A11D9FC5D500E4ECF5 /* WKVideoViewController.h */ = {isa = PBXFileReference; fileEncoding = 4; lastKnownFileType = sourcecode.c.h; path = WKVideoViewController.h; sourceTree = "<group>"; };
		25C554A21D9FC5D500E4ECF5 /* WKVideoViewController.m */ = {isa = PBXFileReference; fileEncoding = 4; lastKnownFileType = sourcecode.c.objc; path = WKVideoViewController.m; sourceTree = "<group>"; };
		25C554A41D9FC5E000E4ECF5 /* WKVoiceViewController.h */ = {isa = PBXFileReference; fileEncoding = 4; lastKnownFileType = sourcecode.c.h; path = WKVoiceViewController.h; sourceTree = "<group>"; };
		25C554A51D9FC5E000E4ECF5 /* WKVoiceViewController.m */ = {isa = PBXFileReference; fileEncoding = 4; lastKnownFileType = sourcecode.c.objc; path = WKVoiceViewController.m; sourceTree = "<group>"; };
		25C554A71D9FC5EB00E4ECF5 /* WKPictureViewController.h */ = {isa = PBXFileReference; fileEncoding = 4; lastKnownFileType = sourcecode.c.h; path = WKPictureViewController.h; sourceTree = "<group>"; };
		25C554A81D9FC5EB00E4ECF5 /* WKPictureViewController.m */ = {isa = PBXFileReference; fileEncoding = 4; lastKnownFileType = sourcecode.c.objc; path = WKPictureViewController.m; sourceTree = "<group>"; };
		25C554AA1D9FC5FA00E4ECF5 /* WKWordViewController.h */ = {isa = PBXFileReference; fileEncoding = 4; lastKnownFileType = sourcecode.c.h; path = WKWordViewController.h; sourceTree = "<group>"; };
		25C554AB1D9FC5FA00E4ECF5 /* WKWordViewController.m */ = {isa = PBXFileReference; fileEncoding = 4; lastKnownFileType = sourcecode.c.objc; path = WKWordViewController.m; sourceTree = "<group>"; };
		4D857E9336B67A5FD5763C87 /* libPods.a */ = {isa = PBXFileReference; explicitFileType = archive.ar; includeInIndex = 0; path = libPods.a; sourceTree = BUILT_PRODUCTS_DIR; };
		B295244922BD9E9B869B4A60 /* Pods.debug.xcconfig */ = {isa = PBXFileReference; includeInIndex = 1; lastKnownFileType = text.xcconfig; name = Pods.debug.xcconfig; path = "Pods/Target Support Files/Pods/Pods.debug.xcconfig"; sourceTree = "<group>"; };
		BA6AA61C0FDA4AD1513C88A6 /* Pods.release.xcconfig */ = {isa = PBXFileReference; includeInIndex = 1; lastKnownFileType = text.xcconfig; name = Pods.release.xcconfig; path = "Pods/Target Support Files/Pods/Pods.release.xcconfig"; sourceTree = "<group>"; };
/* End PBXFileReference section */

/* Begin PBXFrameworksBuildPhase section */
		255388C71D990AF800000967 /* Frameworks */ = {
			isa = PBXFrameworksBuildPhase;
			buildActionMask = 2147483647;
			files = (
				F5C38657981942440E7DE349 /* libPods.a in Frameworks */,
			);
			runOnlyForDeploymentPostprocessing = 0;
		};
		255388E01D990AF800000967 /* Frameworks */ = {
			isa = PBXFrameworksBuildPhase;
			buildActionMask = 2147483647;
			files = (
			);
			runOnlyForDeploymentPostprocessing = 0;
		};
		255388EB1D990AF900000967 /* Frameworks */ = {
			isa = PBXFrameworksBuildPhase;
			buildActionMask = 2147483647;
			files = (
			);
			runOnlyForDeploymentPostprocessing = 0;
		};
/* End PBXFrameworksBuildPhase section */

/* Begin PBXGroup section */
		250D8D1E1D9A14B800C634F8 /* Classes */ = {
			isa = PBXGroup;
			children = (
				258A823A1DA56D90001311D2 /* Comment-评论 */,
				250D8D1F1D9A14B800C634F8 /* Essence-精华 */,
				250D8D2B1D9A14B800C634F8 /* New-新帖 */,
				250D8D231D9A14B800C634F8 /* Follow-关注 */,
				250D8D271D9A14B800C634F8 /* Me-我 */,
				250D8D2F1D9A14B800C634F8 /* Other-其他 */,
			);
			path = Classes;
			sourceTree = "<group>";
		};
		250D8D1F1D9A14B800C634F8 /* Essence-精华 */ = {
			isa = PBXGroup;
			children = (
				250D8D201D9A14B800C634F8 /* Controller */,
				250D8D211D9A14B800C634F8 /* Model */,
				250D8D221D9A14B800C634F8 /* View */,
			);
			path = "Essence-精华";
			sourceTree = "<group>";
		};
		250D8D201D9A14B800C634F8 /* Controller */ = {
			isa = PBXGroup;
			children = (
				250D8D4B1D9A21B500C634F8 /* WKEssenceViewController.h */,
				250D8D4C1D9A21B500C634F8 /* WKEssenceViewController.m */,
				25C5549E1D9FC5C900E4ECF5 /* WKAllViewController.h */,
				25C5549F1D9FC5C900E4ECF5 /* WKAllViewController.m */,
				25C554A11D9FC5D500E4ECF5 /* WKVideoViewController.h */,
				25C554A21D9FC5D500E4ECF5 /* WKVideoViewController.m */,
				25C554A41D9FC5E000E4ECF5 /* WKVoiceViewController.h */,
				25C554A51D9FC5E000E4ECF5 /* WKVoiceViewController.m */,
				25C554A71D9FC5EB00E4ECF5 /* WKPictureViewController.h */,
				25C554A81D9FC5EB00E4ECF5 /* WKPictureViewController.m */,
				25C554AA1D9FC5FA00E4ECF5 /* WKWordViewController.h */,
				25C554AB1D9FC5FA00E4ECF5 /* WKWordViewController.m */,
				250AF16D1DA3D39400B8F558 /* WKTopicViewController.h */,
				250AF16E1DA3D39400B8F558 /* WKTopicViewController.m */,
				25763A241DA53B1D002BD72A /* WKSeeBigViewController.h */,
				25763A251DA53B1D002BD72A /* WKSeeBigViewController.m */,
				25763A261DA53B1D002BD72A /* WKSeeBigViewController.xib */,
				25763A291DA545FF002BD72A /* WKRecommendTagViewController.h */,
				25763A2A1DA545FF002BD72A /* WKRecommendTagViewController.m */,
			);
			path = Controller;
			sourceTree = "<group>";
		};
		250D8D211D9A14B800C634F8 /* Model */ = {
			isa = PBXGroup;
			children = (
				2584AF401DA0AA0100FE01F3 /* WKTopic.h */,
				2584AF411DA0AA0100FE01F3 /* WKTopic.m */,
				258C62FE1DA24EE100124659 /* WKUser.h */,
				258C62FF1DA24EE100124659 /* WKUser.m */,
				258C63011DA24FA300124659 /* WKComment.h */,
				258C63021DA24FA300124659 /* WKComment.m */,
				25763A311DA54C39002BD72A /* WKRecommendTag.h */,
				25763A321DA54C39002BD72A /* WKRecommendTag.m */,
			);
			path = Model;
			sourceTree = "<group>";
		};
		250D8D221D9A14B800C634F8 /* View */ = {
			isa = PBXGroup;
			children = (
				25C5549B1D9FC20A00E4ECF5 /* WKTitleButton.h */,
				25C5549C1D9FC20A00E4ECF5 /* WKTitleButton.m */,
				2584AF4C1DA1282700FE01F3 /* WKTopicCell.h */,
				2584AF4D1DA1282700FE01F3 /* WKTopicCell.m */,
				2584AF4E1DA1282700FE01F3 /* WKTopicCell.xib */,
				250AF15E1DA3C09300B8F558 /* WKTopicPictureView.h */,
				250AF15F1DA3C09300B8F558 /* WKTopicPictureView.m */,
				250AF1611DA3C09F00B8F558 /* WKTopicPictureView.xib */,
				250AF1631DA3C8AF00B8F558 /* WKTopicVideoView.h */,
				250AF1641DA3C8AF00B8F558 /* WKTopicVideoView.m */,
				250AF1661DA3C8B900B8F558 /* WKTopicVideoView.xib */,
				250AF1681DA3CC4C00B8F558 /* WKTopicVoiceView.h */,
				250AF1691DA3CC4C00B8F558 /* WKTopicVoiceView.m */,
				250AF16B1DA3CC5700B8F558 /* WKTopicVoiceView.xib */,
				25763A2C1DA546A3002BD72A /* WKRecommendTagCell.h */,
				25763A2D1DA546A3002BD72A /* WKRecommendTagCell.m */,
				25763A2E1DA546A3002BD72A /* WKRecommendTagCell.xib */,
			);
			path = View;
			sourceTree = "<group>";
		};
		250D8D231D9A14B800C634F8 /* Follow-关注 */ = {
			isa = PBXGroup;
			children = (
				250D8D241D9A14B800C634F8 /* Controller */,
				250D8D251D9A14B800C634F8 /* Model */,
				250D8D261D9A14B800C634F8 /* View */,
			);
			path = "Follow-关注";
			sourceTree = "<group>";
		};
		250D8D241D9A14B800C634F8 /* Controller */ = {
			isa = PBXGroup;
			children = (
				250D8D511D9A21E300C634F8 /* WKFollowViewController.h */,
				250D8D521D9A21E300C634F8 /* WKFollowViewController.m */,
				25B8AFCE1D9BBFA100C5C4F4 /* WKFollowViewController.xib */,
			);
			path = Controller;
			sourceTree = "<group>";
		};
		250D8D251D9A14B800C634F8 /* Model */ = {
			isa = PBXGroup;
			children = (
			);
			path = Model;
			sourceTree = "<group>";
		};
		250D8D261D9A14B800C634F8 /* View */ = {
			isa = PBXGroup;
			children = (
			);
			path = View;
			sourceTree = "<group>";
		};
		250D8D271D9A14B800C634F8 /* Me-我 */ = {
			isa = PBXGroup;
			children = (
				250D8D281D9A14B800C634F8 /* Controller */,
				250D8D291D9A14B800C634F8 /* Model */,
				250D8D2A1D9A14B800C634F8 /* View */,
			);
			path = "Me-我";
			sourceTree = "<group>";
		};
		250D8D281D9A14B800C634F8 /* Controller */ = {
			isa = PBXGroup;
			children = (
				250D8D541D9A21FA00C634F8 /* WKMeViewController.h */,
				250D8D551D9A21FA00C634F8 /* WKMeViewController.m */,
				250D8D5D1D9A77B500C634F8 /* WKSettingViewController.h */,
				250D8D5E1D9A77B500C634F8 /* WKSettingViewController.m */,
				25036AB31D9E5E8D009F5884 /* WKWebViewController.h */,
				25036AB41D9E5E8D009F5884 /* WKWebViewController.m */,
				25036AB51D9E5E8D009F5884 /* WKWebViewController.xib */,
			);
			path = Controller;
			sourceTree = "<group>";
		};
		250D8D291D9A14B800C634F8 /* Model */ = {
			isa = PBXGroup;
			children = (
				25036AAD1D9E1B32009F5884 /* WKSquare.h */,
				25036AAE1D9E1B32009F5884 /* WKSquare.m */,
			);
			path = Model;
			sourceTree = "<group>";
		};
		250D8D2A1D9A14B800C634F8 /* View */ = {
			isa = PBXGroup;
			children = (
				25036AA71D9E13A1009F5884 /* WKMeCell.h */,
				25036AA81D9E13A1009F5884 /* WKMeCell.m */,
				25036AAA1D9E188C009F5884 /* WKMefootView.h */,
				25036AAB1D9E188C009F5884 /* WKMefootView.m */,
				25036AB01D9E59BB009F5884 /* WKMeSquareButton.h */,
				25036AB11D9E59BB009F5884 /* WKMeSquareButton.m */,
				259034471D9FD2C900F9B7DE /* WKClearCacheCell.h */,
				259034481D9FD2C900F9B7DE /* WKClearCacheCell.m */,
			);
			path = View;
			sourceTree = "<group>";
		};
		250D8D2B1D9A14B800C634F8 /* New-新帖 */ = {
			isa = PBXGroup;
			children = (
				250D8D2C1D9A14B800C634F8 /* Controller */,
				250D8D2D1D9A14B800C634F8 /* Model */,
				250D8D2E1D9A14B800C634F8 /* View */,
			);
			path = "New-新帖";
			sourceTree = "<group>";
		};
		250D8D2C1D9A14B800C634F8 /* Controller */ = {
			isa = PBXGroup;
			children = (
				250D8D4E1D9A21CE00C634F8 /* WKNewViewController.h */,
				250D8D4F1D9A21CE00C634F8 /* WKNewViewController.m */,
			);
			path = Controller;
			sourceTree = "<group>";
		};
		250D8D2D1D9A14B800C634F8 /* Model */ = {
			isa = PBXGroup;
			children = (
			);
			path = Model;
			sourceTree = "<group>";
		};
		250D8D2E1D9A14B800C634F8 /* View */ = {
			isa = PBXGroup;
			children = (
			);
			path = View;
			sourceTree = "<group>";
		};
		250D8D2F1D9A14B800C634F8 /* Other-其他 */ = {
			isa = PBXGroup;
			children = (
				250D8D371D9A14B800C634F8 /* main.m */,
				250D8D391D9A14B800C634F8 /* PrefixHeader.pch */,
				250D8D301D9A14B800C634F8 /* AppDelegate.h */,
				25036AA41D9E126E009F5884 /* WKConst.h */,
				25036AA51D9E126E009F5884 /* WKConst.m */,
				250D8D311D9A14B800C634F8 /* AppDelegate.m */,
				2584AF491DA1267000FE01F3 /* WKHTTPSessionManager.h */,
				2584AF4A1DA1267000FE01F3 /* WKHTTPSessionManager.m */,
				250D8D321D9A14B800C634F8 /* Category */,
				250D8D331D9A14B800C634F8 /* Controller */,
				250D8D381D9A14B800C634F8 /* Model */,
				250D8D3A1D9A14B800C634F8 /* View */,
			);
			path = "Other-其他";
			sourceTree = "<group>";
		};
		250D8D321D9A14B800C634F8 /* Category */ = {
			isa = PBXGroup;
			children = (
				250D8D411D9A170300C634F8 /* Foundation+Log.m */,
				250D8D421D9A170300C634F8 /* UIView+Frame.h */,
				250D8D431D9A170300C634F8 /* UIView+Frame.m */,
				250D8D5A1D9A66F000C634F8 /* UIBarButtonItem+WKExtension.h */,
				250D8D5B1D9A66F000C634F8 /* UIBarButtonItem+WKExtension.m */,
				2595CA621D9D03C5007B84CB /* UITextField+WKExtension.h */,
				2595CA631D9D03C5007B84CB /* UITextField+WKExtension.m */,
				259034441D9FD13D00F9B7DE /* NSString+WKExtension.h */,
				259034451D9FD13D00F9B7DE /* NSString+WKExtension.m */,
				258C62F81DA2246900124659 /* NSDate+Extension.h */,
				258C62F91DA2246900124659 /* NSDate+Extension.m */,
				258C62FB1DA224E200124659 /* NSCalendar+Extension.h */,
				258C62FC1DA224E200124659 /* NSCalendar+Extension.m */,
				258A82341DA568BF001311D2 /* UIImage+WKExtension.h */,
				258A82351DA568BF001311D2 /* UIImage+WKExtension.m */,
				258A82371DA56917001311D2 /* UIImageView+WKExtension.h */,
				258A82381DA56917001311D2 /* UIImageView+WKExtension.m */,
			);
			path = Category;
			sourceTree = "<group>";
		};
		250D8D331D9A14B800C634F8 /* Controller */ = {
			isa = PBXGroup;
			children = (
				250D8D341D9A14B800C634F8 /* WKTabBarController.h */,
				250D8D351D9A14B800C634F8 /* WKTabBarController.m */,
				250D8D571D9A644400C634F8 /* WKNavigationController.h */,
				250D8D581D9A644400C634F8 /* WKNavigationController.m */,
				25B8AFD01D9BC1AD00C5C4F4 /* WKLoginRegisterViewController.h */,
				25B8AFD11D9BC1AD00C5C4F4 /* WKLoginRegisterViewController.m */,
				25B8AFD21D9BC1AD00C5C4F4 /* WKLoginRegisterViewController.xib */,
			);
			path = Controller;
			sourceTree = "<group>";
		};
		250D8D381D9A14B800C634F8 /* Model */ = {
			isa = PBXGroup;
			children = (
			);
			path = Model;
			sourceTree = "<group>";
		};
		250D8D3A1D9A14B800C634F8 /* View */ = {
			isa = PBXGroup;
			children = (
				250D8D481D9A18E000C634F8 /* WKTabBar.h */,
				250D8D491D9A18E000C634F8 /* WKTabBar.m */,
				25B8AFD51D9BC85E00C5C4F4 /* WKQuickLoginButton.h */,
				25B8AFD61D9BC85E00C5C4F4 /* WKQuickLoginButton.m */,
				2595CA5F1D9CB8F6007B84CB /* WKLoginRegisterTextField.h */,
				2595CA601D9CB8F6007B84CB /* WKLoginRegisterTextField.m */,
				2584AF431DA0ABBC00FE01F3 /* WKRefreshHeader.h */,
				2584AF441DA0ABBC00FE01F3 /* WKRefreshHeader.m */,
				2584AF461DA0B04200FE01F3 /* WKRefreshFooter.h */,
				2584AF471DA0B04200FE01F3 /* WKRefreshFooter.m */,
			);
			path = View;
			sourceTree = "<group>";
		};
		255388C11D990AF800000967 = {
			isa = PBXGroup;
			children = (
				255388CC1D990AF800000967 /* WKBS */,
				255388E61D990AF800000967 /* WKBSTests */,
				255388F11D990AF900000967 /* WKBSUITests */,
				255388CB1D990AF800000967 /* Products */,
				65E56830348D33AE34D0FDC3 /* Pods */,
				6AF3642380FB0FF51768F614 /* Frameworks */,
			);
			sourceTree = "<group>";
			usesTabs = 0;
		};
		255388CB1D990AF800000967 /* Products */ = {
			isa = PBXGroup;
			children = (
				255388CA1D990AF800000967 /* WKBS.app */,
				255388E31D990AF800000967 /* WKBSTests.xctest */,
				255388EE1D990AF900000967 /* WKBSUITests.xctest */,
			);
			name = Products;
			sourceTree = "<group>";
		};
		255388CC1D990AF800000967 /* WKBS */ = {
			isa = PBXGroup;
			children = (
				250D8D1E1D9A14B800C634F8 /* Classes */,
				255388CD1D990AF800000967 /* Supporting Files */,
			);
			path = WKBS;
			sourceTree = "<group>";
		};
		255388CD1D990AF800000967 /* Supporting Files */ = {
			isa = PBXGroup;
			children = (
				250D8D461D9A176200C634F8 /* Info.plist */,
				255388D91D990AF800000967 /* Assets.xcassets */,
			);
			name = "Supporting Files";
			sourceTree = "<group>";
		};
		255388E61D990AF800000967 /* WKBSTests */ = {
			isa = PBXGroup;
			children = (
				255388E71D990AF800000967 /* WKBSTests.m */,
				255388E91D990AF900000967 /* Info.plist */,
			);
			path = WKBSTests;
			sourceTree = "<group>";
		};
		255388F11D990AF900000967 /* WKBSUITests */ = {
			isa = PBXGroup;
			children = (
				255388F21D990AF900000967 /* WKBSUITests.m */,
				255388F41D990AF900000967 /* Info.plist */,
			);
			path = WKBSUITests;
			sourceTree = "<group>";
		};
		258A823A1DA56D90001311D2 /* Comment-评论 */ = {
			isa = PBXGroup;
			children = (
				258A823B1DA56D90001311D2 /* Controller */,
				258A823C1DA56D90001311D2 /* Model */,
				258A823D1DA56D90001311D2 /* View */,
			);
			path = "Comment-评论";
			sourceTree = "<group>";
		};
		258A823B1DA56D90001311D2 /* Controller */ = {
			isa = PBXGroup;
			children = (
				258A823E1DA56DB0001311D2 /* WKCommentViewController.h */,
				258A823F1DA56DB0001311D2 /* WKCommentViewController.m */,
				258A82401DA56DB0001311D2 /* WKCommentViewController.xib */,
			);
			path = Controller;
			sourceTree = "<group>";
		};
		258A823C1DA56D90001311D2 /* Model */ = {
			isa = PBXGroup;
			children = (
			);
			path = Model;
			sourceTree = "<group>";
		};
		258A823D1DA56D90001311D2 /* View */ = {
			isa = PBXGroup;
			children = (
			);
			path = View;
			sourceTree = "<group>";
		};
		65E56830348D33AE34D0FDC3 /* Pods */ = {
			isa = PBXGroup;
			children = (
				B295244922BD9E9B869B4A60 /* Pods.debug.xcconfig */,
				BA6AA61C0FDA4AD1513C88A6 /* Pods.release.xcconfig */,
			);
			name = Pods;
			sourceTree = "<group>";
		};
		6AF3642380FB0FF51768F614 /* Frameworks */ = {
			isa = PBXGroup;
			children = (
				4D857E9336B67A5FD5763C87 /* libPods.a */,
			);
			name = Frameworks;
			sourceTree = "<group>";
		};
/* End PBXGroup section */

/* Begin PBXNativeTarget section */
		255388C91D990AF800000967 /* WKBS */ = {
			isa = PBXNativeTarget;
			buildConfigurationList = 255388F71D990AF900000967 /* Build configuration list for PBXNativeTarget "WKBS" */;
			buildPhases = (
				9C83ED0EC18C1452710BEC53 /* Check Pods Manifest.lock */,
				255388C61D990AF800000967 /* Sources */,
				255388C71D990AF800000967 /* Frameworks */,
				255388C81D990AF800000967 /* Resources */,
				E1746A6CFF11A95BED3E2BBE /* Embed Pods Frameworks */,
				444D213A72D7913D3FDA0449 /* Copy Pods Resources */,
			);
			buildRules = (
			);
			dependencies = (
			);
			name = WKBS;
			productName = WKBS;
			productReference = 255388CA1D990AF800000967 /* WKBS.app */;
			productType = "com.apple.product-type.application";
		};
		255388E21D990AF800000967 /* WKBSTests */ = {
			isa = PBXNativeTarget;
			buildConfigurationList = 255388FA1D990AF900000967 /* Build configuration list for PBXNativeTarget "WKBSTests" */;
			buildPhases = (
				255388DF1D990AF800000967 /* Sources */,
				255388E01D990AF800000967 /* Frameworks */,
				255388E11D990AF800000967 /* Resources */,
			);
			buildRules = (
			);
			dependencies = (
				255388E51D990AF800000967 /* PBXTargetDependency */,
			);
			name = WKBSTests;
			productName = WKBSTests;
			productReference = 255388E31D990AF800000967 /* WKBSTests.xctest */;
			productType = "com.apple.product-type.bundle.unit-test";
		};
		255388ED1D990AF900000967 /* WKBSUITests */ = {
			isa = PBXNativeTarget;
			buildConfigurationList = 255388FD1D990AF900000967 /* Build configuration list for PBXNativeTarget "WKBSUITests" */;
			buildPhases = (
				255388EA1D990AF900000967 /* Sources */,
				255388EB1D990AF900000967 /* Frameworks */,
				255388EC1D990AF900000967 /* Resources */,
			);
			buildRules = (
			);
			dependencies = (
				255388F01D990AF900000967 /* PBXTargetDependency */,
			);
			name = WKBSUITests;
			productName = WKBSUITests;
			productReference = 255388EE1D990AF900000967 /* WKBSUITests.xctest */;
			productType = "com.apple.product-type.bundle.ui-testing";
		};
/* End PBXNativeTarget section */

/* Begin PBXProject section */
		255388C21D990AF800000967 /* Project object */ = {
			isa = PBXProject;
			attributes = {
				CLASSPREFIX = WK;
				LastUpgradeCheck = 0800;
				ORGANIZATIONNAME = "阿拉斯加的🐶";
				TargetAttributes = {
					255388C91D990AF800000967 = {
						CreatedOnToolsVersion = 8.0;
						DevelopmentTeam = 8Y2G5F25VK;
						ProvisioningStyle = Automatic;
					};
					255388E21D990AF800000967 = {
						CreatedOnToolsVersion = 8.0;
						DevelopmentTeam = 8Y2G5F25VK;
						ProvisioningStyle = Automatic;
						TestTargetID = 255388C91D990AF800000967;
					};
					255388ED1D990AF900000967 = {
						CreatedOnToolsVersion = 8.0;
						DevelopmentTeam = 8Y2G5F25VK;
						ProvisioningStyle = Automatic;
						TestTargetID = 255388C91D990AF800000967;
					};
				};
			};
			buildConfigurationList = 255388C51D990AF800000967 /* Build configuration list for PBXProject "WKBS" */;
			compatibilityVersion = "Xcode 3.2";
			developmentRegion = English;
			hasScannedForEncodings = 0;
			knownRegions = (
				en,
				Base,
			);
			mainGroup = 255388C11D990AF800000967;
			productRefGroup = 255388CB1D990AF800000967 /* Products */;
			projectDirPath = "";
			projectRoot = "";
			targets = (
				255388C91D990AF800000967 /* WKBS */,
				255388E21D990AF800000967 /* WKBSTests */,
				255388ED1D990AF900000967 /* WKBSUITests */,
			);
		};
/* End PBXProject section */

/* Begin PBXResourcesBuildPhase section */
		255388C81D990AF800000967 /* Resources */ = {
			isa = PBXResourcesBuildPhase;
			buildActionMask = 2147483647;
			files = (
				258A82421DA56DB0001311D2 /* WKCommentViewController.xib in Resources */,
				250AF1671DA3C8B900B8F558 /* WKTopicVideoView.xib in Resources */,
				25036AB71D9E5E8D009F5884 /* WKWebViewController.xib in Resources */,
				250AF16C1DA3CC5700B8F558 /* WKTopicVoiceView.xib in Resources */,
				250AF1621DA3C09F00B8F558 /* WKTopicPictureView.xib in Resources */,
				2584AF501DA1282700FE01F3 /* WKTopicCell.xib in Resources */,
				250D8D471D9A176200C634F8 /* Info.plist in Resources */,
				25763A301DA546A3002BD72A /* WKRecommendTagCell.xib in Resources */,
				25B8AFCF1D9BBFA100C5C4F4 /* WKFollowViewController.xib in Resources */,
				255388DA1D990AF800000967 /* Assets.xcassets in Resources */,
				25B8AFD41D9BC1AD00C5C4F4 /* WKLoginRegisterViewController.xib in Resources */,
				25763A281DA53B1D002BD72A /* WKSeeBigViewController.xib in Resources */,
			);
			runOnlyForDeploymentPostprocessing = 0;
		};
		255388E11D990AF800000967 /* Resources */ = {
			isa = PBXResourcesBuildPhase;
			buildActionMask = 2147483647;
			files = (
			);
			runOnlyForDeploymentPostprocessing = 0;
		};
		255388EC1D990AF900000967 /* Resources */ = {
			isa = PBXResourcesBuildPhase;
			buildActionMask = 2147483647;
			files = (
			);
			runOnlyForDeploymentPostprocessing = 0;
		};
/* End PBXResourcesBuildPhase section */

/* Begin PBXShellScriptBuildPhase section */
		444D213A72D7913D3FDA0449 /* Copy Pods Resources */ = {
			isa = PBXShellScriptBuildPhase;
			buildActionMask = 2147483647;
			files = (
			);
			inputPaths = (
			);
			name = "Copy Pods Resources";
			outputPaths = (
			);
			runOnlyForDeploymentPostprocessing = 0;
			shellPath = /bin/sh;
			shellScript = "\"${SRCROOT}/Pods/Target Support Files/Pods/Pods-resources.sh\"\n";
			showEnvVarsInLog = 0;
		};
		9C83ED0EC18C1452710BEC53 /* Check Pods Manifest.lock */ = {
			isa = PBXShellScriptBuildPhase;
			buildActionMask = 2147483647;
			files = (
			);
			inputPaths = (
			);
			name = "Check Pods Manifest.lock";
			outputPaths = (
			);
			runOnlyForDeploymentPostprocessing = 0;
			shellPath = /bin/sh;
			shellScript = "diff \"${PODS_ROOT}/../Podfile.lock\" \"${PODS_ROOT}/Manifest.lock\" > /dev/null\nif [[ $? != 0 ]] ; then\n    cat << EOM\nerror: The sandbox is not in sync with the Podfile.lock. Run 'pod install' or update your CocoaPods installation.\nEOM\n    exit 1\nfi\n";
			showEnvVarsInLog = 0;
		};
		E1746A6CFF11A95BED3E2BBE /* Embed Pods Frameworks */ = {
			isa = PBXShellScriptBuildPhase;
			buildActionMask = 2147483647;
			files = (
			);
			inputPaths = (
			);
			name = "Embed Pods Frameworks";
			outputPaths = (
			);
			runOnlyForDeploymentPostprocessing = 0;
			shellPath = /bin/sh;
			shellScript = "\"${SRCROOT}/Pods/Target Support Files/Pods/Pods-frameworks.sh\"\n";
			showEnvVarsInLog = 0;
		};
/* End PBXShellScriptBuildPhase section */

/* Begin PBXSourcesBuildPhase section */
		255388C61D990AF800000967 /* Sources */ = {
			isa = PBXSourcesBuildPhase;
			buildActionMask = 2147483647;
			files = (
				250AF1651DA3C8AF00B8F558 /* WKTopicVideoView.m in Sources */,
				250D8D591D9A644400C634F8 /* WKNavigationController.m in Sources */,
				250D8D531D9A21E300C634F8 /* WKFollowViewController.m in Sources */,
				250AF16A1DA3CC4C00B8F558 /* WKTopicVoiceView.m in Sources */,
				25763A2B1DA545FF002BD72A /* WKRecommendTagViewController.m in Sources */,
				258A82361DA568BF001311D2 /* UIImage+WKExtension.m in Sources */,
				250D8D3B1D9A14B800C634F8 /* AppDelegate.m in Sources */,
				2584AF451DA0ABBC00FE01F3 /* WKRefreshHeader.m in Sources */,
				25763A2F1DA546A3002BD72A /* WKRecommendTagCell.m in Sources */,
				2595CA641D9D03C5007B84CB /* UITextField+WKExtension.m in Sources */,
				2584AF4F1DA1282700FE01F3 /* WKTopicCell.m in Sources */,
				259034491D9FD2C900F9B7DE /* WKClearCacheCell.m in Sources */,
				2584AF421DA0AA0100FE01F3 /* WKTopic.m in Sources */,
				258C62FD1DA224E200124659 /* NSCalendar+Extension.m in Sources */,
				25C554A61D9FC5E000E4ECF5 /* WKVoiceViewController.m in Sources */,
				2584AF4B1DA1267000FE01F3 /* WKHTTPSessionManager.m in Sources */,
				258C63031DA24FA300124659 /* WKComment.m in Sources */,
				25036AB61D9E5E8D009F5884 /* WKWebViewController.m in Sources */,
				25B8AFD31D9BC1AD00C5C4F4 /* WKLoginRegisterViewController.m in Sources */,
				2584AF481DA0B04200FE01F3 /* WKRefreshFooter.m in Sources */,
				25763A331DA54C39002BD72A /* WKRecommendTag.m in Sources */,
				25036AAF1D9E1B32009F5884 /* WKSquare.m in Sources */,
				25036AA91D9E13A1009F5884 /* WKMeCell.m in Sources */,
				250D8D4D1D9A21B500C634F8 /* WKEssenceViewController.m in Sources */,
				250D8D5F1D9A77B500C634F8 /* WKSettingViewController.m in Sources */,
				25C5549D1D9FC20A00E4ECF5 /* WKTitleButton.m in Sources */,
				250AF16F1DA3D39400B8F558 /* WKTopicViewController.m in Sources */,
				258A82411DA56DB0001311D2 /* WKCommentViewController.m in Sources */,
				25036AA61D9E126E009F5884 /* WKConst.m in Sources */,
				25C554AC1D9FC5FA00E4ECF5 /* WKWordViewController.m in Sources */,
				250D8D3E1D9A14B800C634F8 /* main.m in Sources */,
				258C62FA1DA2246900124659 /* NSDate+Extension.m in Sources */,
				250AF1601DA3C09300B8F558 /* WKTopicPictureView.m in Sources */,
				250D8D501D9A21CE00C634F8 /* WKNewViewController.m in Sources */,
				25036AB21D9E59BB009F5884 /* WKMeSquareButton.m in Sources */,
				258A82391DA56917001311D2 /* UIImageView+WKExtension.m in Sources */,
				250D8D3C1D9A14B800C634F8 /* WKTabBarController.m in Sources */,
				25036AAC1D9E188C009F5884 /* WKMefootView.m in Sources */,
				250D8D561D9A21FA00C634F8 /* WKMeViewController.m in Sources */,
				250D8D5C1D9A66F000C634F8 /* UIBarButtonItem+WKExtension.m in Sources */,
				25763A271DA53B1D002BD72A /* WKSeeBigViewController.m in Sources */,
				250D8D451D9A170300C634F8 /* UIView+Frame.m in Sources */,
				25C554A91D9FC5EB00E4ECF5 /* WKPictureViewController.m in Sources */,
				259034461D9FD13D00F9B7DE /* NSString+WKExtension.m in Sources */,
				25C554A31D9FC5D500E4ECF5 /* WKVideoViewController.m in Sources */,
				250D8D441D9A170300C634F8 /* Foundation+Log.m in Sources */,
				250D8D4A1D9A18E000C634F8 /* WKTabBar.m in Sources */,
				25C554A01D9FC5C900E4ECF5 /* WKAllViewController.m in Sources */,
				2595CA611D9CB8F6007B84CB /* WKLoginRegisterTextField.m in Sources */,
				258C63001DA24EE100124659 /* WKUser.m in Sources */,
				25B8AFD71D9BC85E00C5C4F4 /* WKQuickLoginButton.m in Sources */,
			);
			runOnlyForDeploymentPostprocessing = 0;
		};
		255388DF1D990AF800000967 /* Sources */ = {
			isa = PBXSourcesBuildPhase;
			buildActionMask = 2147483647;
			files = (
				255388E81D990AF800000967 /* WKBSTests.m in Sources */,
			);
			runOnlyForDeploymentPostprocessing = 0;
		};
		255388EA1D990AF900000967 /* Sources */ = {
			isa = PBXSourcesBuildPhase;
			buildActionMask = 2147483647;
			files = (
				255388F31D990AF900000967 /* WKBSUITests.m in Sources */,
			);
			runOnlyForDeploymentPostprocessing = 0;
		};
/* End PBXSourcesBuildPhase section */

/* Begin PBXTargetDependency section */
		255388E51D990AF800000967 /* PBXTargetDependency */ = {
			isa = PBXTargetDependency;
			target = 255388C91D990AF800000967 /* WKBS */;
			targetProxy = 255388E41D990AF800000967 /* PBXContainerItemProxy */;
		};
		255388F01D990AF900000967 /* PBXTargetDependency */ = {
			isa = PBXTargetDependency;
			target = 255388C91D990AF800000967 /* WKBS */;
			targetProxy = 255388EF1D990AF900000967 /* PBXContainerItemProxy */;
		};
/* End PBXTargetDependency section */

/* Begin XCBuildConfiguration section */
		255388F51D990AF900000967 /* Debug */ = {
			isa = XCBuildConfiguration;
			buildSettings = {
				ALWAYS_SEARCH_USER_PATHS = NO;
				CLANG_ANALYZER_NONNULL = YES;
				CLANG_CXX_LANGUAGE_STANDARD = "gnu++0x";
				CLANG_CXX_LIBRARY = "libc++";
				CLANG_ENABLE_MODULES = YES;
				CLANG_ENABLE_OBJC_ARC = YES;
				CLANG_WARN_BOOL_CONVERSION = YES;
				CLANG_WARN_CONSTANT_CONVERSION = YES;
				CLANG_WARN_DIRECT_OBJC_ISA_USAGE = YES_ERROR;
				CLANG_WARN_DOCUMENTATION_COMMENTS = YES;
				CLANG_WARN_EMPTY_BODY = YES;
				CLANG_WARN_ENUM_CONVERSION = YES;
				CLANG_WARN_INFINITE_RECURSION = YES;
				CLANG_WARN_INT_CONVERSION = YES;
				CLANG_WARN_OBJC_ROOT_CLASS = YES_ERROR;
				CLANG_WARN_SUSPICIOUS_MOVES = YES;
				CLANG_WARN_UNREACHABLE_CODE = YES;
				CLANG_WARN__DUPLICATE_METHOD_MATCH = YES;
				"CODE_SIGN_IDENTITY[sdk=iphoneos*]" = "iPhone Developer";
				COPY_PHASE_STRIP = NO;
				DEBUG_INFORMATION_FORMAT = dwarf;
				ENABLE_STRICT_OBJC_MSGSEND = YES;
				ENABLE_TESTABILITY = YES;
				GCC_C_LANGUAGE_STANDARD = gnu99;
				GCC_DYNAMIC_NO_PIC = NO;
				GCC_NO_COMMON_BLOCKS = YES;
				GCC_OPTIMIZATION_LEVEL = 0;
				GCC_PREPROCESSOR_DEFINITIONS = (
					"DEBUG=1",
					"$(inherited)",
				);
				GCC_WARN_64_TO_32_BIT_CONVERSION = YES;
				GCC_WARN_ABOUT_RETURN_TYPE = YES_ERROR;
				GCC_WARN_UNDECLARED_SELECTOR = YES;
				GCC_WARN_UNINITIALIZED_AUTOS = YES_AGGRESSIVE;
				GCC_WARN_UNUSED_FUNCTION = YES;
				GCC_WARN_UNUSED_VARIABLE = YES;
				IPHONEOS_DEPLOYMENT_TARGET = 10.0;
				MTL_ENABLE_DEBUG_INFO = YES;
				ONLY_ACTIVE_ARCH = YES;
				SDKROOT = iphoneos;
			};
			name = Debug;
		};
		255388F61D990AF900000967 /* Release */ = {
			isa = XCBuildConfiguration;
			buildSettings = {
				ALWAYS_SEARCH_USER_PATHS = NO;
				CLANG_ANALYZER_NONNULL = YES;
				CLANG_CXX_LANGUAGE_STANDARD = "gnu++0x";
				CLANG_CXX_LIBRARY = "libc++";
				CLANG_ENABLE_MODULES = YES;
				CLANG_ENABLE_OBJC_ARC = YES;
				CLANG_WARN_BOOL_CONVERSION = YES;
				CLANG_WARN_CONSTANT_CONVERSION = YES;
				CLANG_WARN_DIRECT_OBJC_ISA_USAGE = YES_ERROR;
				CLANG_WARN_DOCUMENTATION_COMMENTS = YES;
				CLANG_WARN_EMPTY_BODY = YES;
				CLANG_WARN_ENUM_CONVERSION = YES;
				CLANG_WARN_INFINITE_RECURSION = YES;
				CLANG_WARN_INT_CONVERSION = YES;
				CLANG_WARN_OBJC_ROOT_CLASS = YES_ERROR;
				CLANG_WARN_SUSPICIOUS_MOVES = YES;
				CLANG_WARN_UNREACHABLE_CODE = YES;
				CLANG_WARN__DUPLICATE_METHOD_MATCH = YES;
				"CODE_SIGN_IDENTITY[sdk=iphoneos*]" = "iPhone Developer";
				COPY_PHASE_STRIP = NO;
				DEBUG_INFORMATION_FORMAT = "dwarf-with-dsym";
				ENABLE_NS_ASSERTIONS = NO;
				ENABLE_STRICT_OBJC_MSGSEND = YES;
				GCC_C_LANGUAGE_STANDARD = gnu99;
				GCC_NO_COMMON_BLOCKS = YES;
				GCC_WARN_64_TO_32_BIT_CONVERSION = YES;
				GCC_WARN_ABOUT_RETURN_TYPE = YES_ERROR;
				GCC_WARN_UNDECLARED_SELECTOR = YES;
				GCC_WARN_UNINITIALIZED_AUTOS = YES_AGGRESSIVE;
				GCC_WARN_UNUSED_FUNCTION = YES;
				GCC_WARN_UNUSED_VARIABLE = YES;
				IPHONEOS_DEPLOYMENT_TARGET = 10.0;
				MTL_ENABLE_DEBUG_INFO = NO;
				SDKROOT = iphoneos;
				VALIDATE_PRODUCT = YES;
			};
			name = Release;
		};
		255388F81D990AF900000967 /* Debug */ = {
			isa = XCBuildConfiguration;
			baseConfigurationReference = B295244922BD9E9B869B4A60 /* Pods.debug.xcconfig */;
			buildSettings = {
				ASSETCATALOG_COMPILER_APPICON_NAME = AppIcon;
				ASSETCATALOG_COMPILER_LAUNCHIMAGE_NAME = LaunchImage;
				DEVELOPMENT_TEAM = 8Y2G5F25VK;
				GCC_PREFIX_HEADER = "WKBS/Classes/Other-其他/PrefixHeader.pch";
				INFOPLIST_FILE = WKBS/Info.plist;
				IPHONEOS_DEPLOYMENT_TARGET = 8.0;
				LD_RUNPATH_SEARCH_PATHS = "$(inherited) @executable_path/Frameworks";
				PRODUCT_BUNDLE_IDENTIFIER = com.alasijiadegou.WKBS;
				PRODUCT_NAME = "$(TARGET_NAME)";
			};
			name = Debug;
		};
		255388F91D990AF900000967 /* Release */ = {
			isa = XCBuildConfiguration;
			baseConfigurationReference = BA6AA61C0FDA4AD1513C88A6 /* Pods.release.xcconfig */;
			buildSettings = {
				ASSETCATALOG_COMPILER_APPICON_NAME = AppIcon;
				ASSETCATALOG_COMPILER_LAUNCHIMAGE_NAME = LaunchImage;
				DEVELOPMENT_TEAM = 8Y2G5F25VK;
				GCC_PREFIX_HEADER = "WKBS/Classes/Other-其他/PrefixHeader.pch";
				INFOPLIST_FILE = WKBS/Info.plist;
				IPHONEOS_DEPLOYMENT_TARGET = 8.0;
				LD_RUNPATH_SEARCH_PATHS = "$(inherited) @executable_path/Frameworks";
				PRODUCT_BUNDLE_IDENTIFIER = com.alasijiadegou.WKBS;
				PRODUCT_NAME = "$(TARGET_NAME)";
			};
			name = Release;
		};
		255388FB1D990AF900000967 /* Debug */ = {
			isa = XCBuildConfiguration;
			buildSettings = {
				BUNDLE_LOADER = "$(TEST_HOST)";
				DEVELOPMENT_TEAM = 8Y2G5F25VK;
				INFOPLIST_FILE = WKBSTests/Info.plist;
				LD_RUNPATH_SEARCH_PATHS = "$(inherited) @executable_path/Frameworks @loader_path/Frameworks";
				PRODUCT_BUNDLE_IDENTIFIER = com.alasijiadegou.WKBSTests;
				PRODUCT_NAME = "$(TARGET_NAME)";
				TEST_HOST = "$(BUILT_PRODUCTS_DIR)/WKBS.app/WKBS";
			};
			name = Debug;
		};
		255388FC1D990AF900000967 /* Release */ = {
			isa = XCBuildConfiguration;
			buildSettings = {
				BUNDLE_LOADER = "$(TEST_HOST)";
				DEVELOPMENT_TEAM = 8Y2G5F25VK;
				INFOPLIST_FILE = WKBSTests/Info.plist;
				LD_RUNPATH_SEARCH_PATHS = "$(inherited) @executable_path/Frameworks @loader_path/Frameworks";
				PRODUCT_BUNDLE_IDENTIFIER = com.alasijiadegou.WKBSTests;
				PRODUCT_NAME = "$(TARGET_NAME)";
				TEST_HOST = "$(BUILT_PRODUCTS_DIR)/WKBS.app/WKBS";
			};
			name = Release;
		};
		255388FE1D990AF900000967 /* Debug */ = {
			isa = XCBuildConfiguration;
			buildSettings = {
				DEVELOPMENT_TEAM = 8Y2G5F25VK;
				INFOPLIST_FILE = WKBSUITests/Info.plist;
				LD_RUNPATH_SEARCH_PATHS = "$(inherited) @executable_path/Frameworks @loader_path/Frameworks";
				PRODUCT_BUNDLE_IDENTIFIER = com.alasijiadegou.WKBSUITests;
				PRODUCT_NAME = "$(TARGET_NAME)";
				TEST_TARGET_NAME = WKBS;
			};
			name = Debug;
		};
		255388FF1D990AF900000967 /* Release */ = {
			isa = XCBuildConfiguration;
			buildSettings = {
				DEVELOPMENT_TEAM = 8Y2G5F25VK;
				INFOPLIST_FILE = WKBSUITests/Info.plist;
				LD_RUNPATH_SEARCH_PATHS = "$(inherited) @executable_path/Frameworks @loader_path/Frameworks";
				PRODUCT_BUNDLE_IDENTIFIER = com.alasijiadegou.WKBSUITests;
				PRODUCT_NAME = "$(TARGET_NAME)";
				TEST_TARGET_NAME = WKBS;
			};
			name = Release;
		};
/* End XCBuildConfiguration section */

/* Begin XCConfigurationList section */
		255388C51D990AF800000967 /* Build configuration list for PBXProject "WKBS" */ = {
			isa = XCConfigurationList;
			buildConfigurations = (
				255388F51D990AF900000967 /* Debug */,
				255388F61D990AF900000967 /* Release */,
			);
			defaultConfigurationIsVisible = 0;
			defaultConfigurationName = Release;
		};
		255388F71D990AF900000967 /* Build configuration list for PBXNativeTarget "WKBS" */ = {
			isa = XCConfigurationList;
			buildConfigurations = (
				255388F81D990AF900000967 /* Debug */,
				255388F91D990AF900000967 /* Release */,
			);
			defaultConfigurationIsVisible = 0;
			defaultConfigurationName = Release;
		};
		255388FA1D990AF900000967 /* Build configuration list for PBXNativeTarget "WKBSTests" */ = {
			isa = XCConfigurationList;
			buildConfigurations = (
				255388FB1D990AF900000967 /* Debug */,
				255388FC1D990AF900000967 /* Release */,
			);
			defaultConfigurationIsVisible = 0;
			defaultConfigurationName = Release;
		};
		255388FD1D990AF900000967 /* Build configuration list for PBXNativeTarget "WKBSUITests" */ = {
			isa = XCConfigurationList;
			buildConfigurations = (
				255388FE1D990AF900000967 /* Debug */,
				255388FF1D990AF900000967 /* Release */,
			);
			defaultConfigurationIsVisible = 0;
			defaultConfigurationName = Release;
		};
/* End XCConfigurationList section */
	};
	rootObject = 255388C21D990AF800000967 /* Project object */;
}
